
Microsoft Visual Studio Solution File, Format Version 12.00
# Visual Studio Version 17
VisualStudioVersion = 17.4.33205.214
MinimumVisualStudioVersion = 10.0.40219.1
Project("{9A19103F-16F7-4668-BE54-9A1E7A4F7556}") = "LanguageBasic", "LanguageBasic\LanguageBasic.csproj", "{699CC358-BABB-4E98-94E0-9C545641C555}"
EndProject
Project("{FAE04EC0-301F-11D3-BF4B-00C04F79EFBC}") = "CreateTypes", "CreateTypes\CreateTypes.csproj", "{94D05476-D335-4814-8D1E-E2734BF68809}"
EndProject
Global
	GlobalSection(SolutionConfigurationPlatforms) = preSolution
		Debug|Any CPU = Debug|Any CPU
		Release|Any CPU = Release|Any CPU
	EndGlobalSection
	GlobalSection(ProjectConfigurationPlatforms) = postSolution
		{699CC358-BABB-4E98-94E0-9C545641C555}.Debug|Any CPU.ActiveCfg = Debug|Any CPU
		{699CC358-BABB-4E98-94E0-9C545641C555}.Debug|Any CPU.Build.0 = Debug|Any CPU
		{699CC358-BABB-4E98-94E0-9C545641C555}.Release|Any CPU.ActiveCfg = Release|Any CPU
		{699CC358-BABB-4E98-94E0-9C545641C555}.Release|Any CPU.Build.0 = Release|Any CPU
		{94D05476-D335-4814-8D1E-E2734BF68809}.Debug|Any CPU.ActiveCfg = Debug|Any CPU
		{94D05476-D335-4814-8D1E-E2734BF68809}.Debug|Any CPU.Build.0 = Debug|Any CPU
		{94D05476-D335-4814-8D1E-E2734BF68809}.Release|Any CPU.ActiveCfg = Release|Any CPU
		{94D05476-D335-4814-8D1E-E2734BF68809}.Release|Any CPU.Build.0 = Release|Any CPU
	EndGlobalSection
	GlobalSection(SolutionProperties) = preSolution
		HideSolutionNode = FALSE
	EndGlobalSection
	GlobalSection(ExtensibilityGlobals) = postSolution
		SolutionGuid = {FB95D9D7-8F96-4E75-89C6-165889A8569D}
	EndGlobalSection
EndGlobal
