
Microsoft Visual Studio Solution File, Format Version 12.00
# Visual Studio Version 17
VisualStudioVersion = 17.4.33205.214
MinimumVisualStudioVersion = 10.0.40219.1
Project("{FAE04EC0-301F-11D3-BF4B-00C04F79EFBC}") = "ConsoleApp", "ConsoleApp\ConsoleApp.csproj", "{2F5A8A04-1F5C-434B-BCE0-5F12F6DFADA4}"
EndProject
Project("{FAE04EC0-301F-11D3-BF4B-00C04F79EFBC}") = "ClasslibTest", "ClasslibTest\ClasslibTest.csproj", "{CFFE4F13-8B30-48AF-92C5-C998E972798D}"
EndProject
Global
	GlobalSection(SolutionConfigurationPlatforms) = preSolution
		Debug|Any CPU = Debug|Any CPU
		Release|Any CPU = Release|Any CPU
	EndGlobalSection
	GlobalSection(ProjectConfigurationPlatforms) = postSolution
		{2F5A8A04-1F5C-434B-BCE0-5F12F6DFADA4}.Debug|Any CPU.ActiveCfg = Debug|Any CPU
		{2F5A8A04-1F5C-434B-BCE0-5F12F6DFADA4}.Debug|Any CPU.Build.0 = Debug|Any CPU
		{2F5A8A04-1F5C-434B-BCE0-5F12F6DFADA4}.Release|Any CPU.ActiveCfg = Release|Any CPU
		{2F5A8A04-1F5C-434B-BCE0-5F12F6DFADA4}.Release|Any CPU.Build.0 = Release|Any CPU
		{CFFE4F13-8B30-48AF-92C5-C998E972798D}.Debug|Any CPU.ActiveCfg = Debug|Any CPU
		{CFFE4F13-8B30-48AF-92C5-C998E972798D}.Debug|Any CPU.Build.0 = Debug|Any CPU
		{CFFE4F13-8B30-48AF-92C5-C998E972798D}.Release|Any CPU.ActiveCfg = Release|Any CPU
		{CFFE4F13-8B30-48AF-92C5-C998E972798D}.Release|Any CPU.Build.0 = Release|Any CPU
	EndGlobalSection
	GlobalSection(SolutionProperties) = preSolution
		HideSolutionNode = FALSE
	EndGlobalSection
	GlobalSection(ExtensibilityGlobals) = postSolution
		SolutionGuid = {1D5939B4-FEAB-4729-B8CE-B1A772FBB077}
	EndGlobalSection
EndGlobal
